
Microsoft Visual Studio Solution File, Format Version 12.00
# Visual Studio 2015
Project("{FAE04EC0-301F-11D3-BF4B-00C04F79EFBC}") = "VirtualMachine.Common", "VirtualMachine.Common.csproj", "{FAB1A6A4-3C56-4BD6-B338-BCE7D44F10ED}"
EndProject
Global
	GlobalSection(SolutionConfigurationPlatforms) = preSolution
		Debug|Any CPU = Debug|Any CPU
		Release|Any CPU = Release|Any CPU
	EndGlobalSection
	GlobalSection(ProjectConfigurationPlatforms) = postSolution
		{FAB1A6A4-3C56-4BD6-B338-BCE7D44F10ED}.Debug|Any CPU.ActiveCfg = Debug|Any CPU
		{FAB1A6A4-3C56-4BD6-B338-BCE7D44F10ED}.Debug|Any CPU.Build.0 = Debug|Any CPU
		{FAB1A6A4-3C56-4BD6-B338-BCE7D44F10ED}.Release|Any CPU.ActiveCfg = Release|Any CPU
		{FAB1A6A4-3C56-4BD6-B338-BCE7D44F10ED}.Release|Any CPU.Build.0 = Release|Any CPU
	EndGlobalSection
	GlobalSection(SolutionProperties) = preSolution
		HideSolutionNode = FALSE
	EndGlobalSection
EndGlobal
